
Microsoft Visual Studio Solution File, Format Version 12.00
# Visual Studio Version 17
VisualStudioVersion = 17.11.35222.181
MinimumVisualStudioVersion = 10.0.40219.1
Project("{888888A0-9F3D-457C-B088-3A5042F75D52}") = "Practicum4", "Practicum4\Practicum4.pyproj", "{0B7AF9C4-1391-4000-8B66-40408B642829}"
EndProject
Global
	GlobalSection(SolutionConfigurationPlatforms) = preSolution
		Debug|Any CPU = Debug|Any CPU
		Release|Any CPU = Release|Any CPU
	EndGlobalSection
	GlobalSection(ProjectConfigurationPlatforms) = postSolution
		{0B7AF9C4-1391-4000-8B66-40408B642829}.Debug|Any CPU.ActiveCfg = Debug|Any CPU
		{0B7AF9C4-1391-4000-8B66-40408B642829}.Release|Any CPU.ActiveCfg = Release|Any CPU
	EndGlobalSection
	GlobalSection(SolutionProperties) = preSolution
		HideSolutionNode = FALSE
	EndGlobalSection
	GlobalSection(ExtensibilityGlobals) = postSolution
		SolutionGuid = {ADFBC45F-D380-465D-B6FB-1BB4434FC088}
	EndGlobalSection
EndGlobal
