
Microsoft Visual Studio Solution File, Format Version 12.00
# Visual Studio Version 17
VisualStudioVersion = 17.7.34003.232
MinimumVisualStudioVersion = 10.0.40219.1
Project("{9A19103F-16F7-4668-BE54-9A1E7A4F7556}") = "lab27.09", "4work\lab27.09.csproj", "{D75DEBAB-3D1D-475C-8780-F562094B33CD}"
EndProject
Global
	GlobalSection(SolutionConfigurationPlatforms) = preSolution
		Debug|Any CPU = Debug|Any CPU
		Release|Any CPU = Release|Any CPU
	EndGlobalSection
	GlobalSection(ProjectConfigurationPlatforms) = postSolution
		{D75DEBAB-3D1D-475C-8780-F562094B33CD}.Debug|Any CPU.ActiveCfg = Debug|Any CPU
		{D75DEBAB-3D1D-475C-8780-F562094B33CD}.Debug|Any CPU.Build.0 = Debug|Any CPU
		{D75DEBAB-3D1D-475C-8780-F562094B33CD}.Release|Any CPU.ActiveCfg = Release|Any CPU
		{D75DEBAB-3D1D-475C-8780-F562094B33CD}.Release|Any CPU.Build.0 = Release|Any CPU
	EndGlobalSection
	GlobalSection(SolutionProperties) = preSolution
		HideSolutionNode = FALSE
	EndGlobalSection
	GlobalSection(ExtensibilityGlobals) = postSolution
		SolutionGuid = {C643001C-3051-47C5-B9CD-03053538042F}
	EndGlobalSection
EndGlobal
